
Microsoft Visual Studio Solution File, Format Version 12.00
# Visual Studio Version 17
VisualStudioVersion = 17.8.34330.188
MinimumVisualStudioVersion = 10.0.40219.1
Project("{FAE04EC0-301F-11D3-BF4B-00C04F79EFBC}") = "SharpADWS", "SharpADWS\SharpADWS.csproj", "{AA488748-3D0E-4A52-8747-AB42A7143760}"
EndProject
Global
	GlobalSection(SolutionConfigurationPlatforms) = preSolution
		Debug|Any CPU = Debug|Any CPU
		Release|Any CPU = Release|Any CPU
	EndGlobalSection
	GlobalSection(ProjectConfigurationPlatforms) = postSolution
		{AA488748-3D0E-4A52-8747-AB42A7143760}.Debug|Any CPU.ActiveCfg = Debug|Any CPU
		{AA488748-3D0E-4A52-8747-AB42A7143760}.Debug|Any CPU.Build.0 = Debug|Any CPU
		{AA488748-3D0E-4A52-8747-AB42A7143760}.Release|Any CPU.ActiveCfg = Release|Any CPU
		{AA488748-3D0E-4A52-8747-AB42A7143760}.Release|Any CPU.Build.0 = Release|Any CPU
	EndGlobalSection
	GlobalSection(SolutionProperties) = preSolution
		HideSolutionNode = FALSE
	EndGlobalSection
	GlobalSection(ExtensibilityGlobals) = postSolution
		SolutionGuid = {A859D836-8302-4575-A739-C0E50CAF1E3B}
	EndGlobalSection
EndGlobal
